
Microsoft Visual Studio Solution File, Format Version 12.00
# Visual Studio Version 17
VisualStudioVersion = 17.0.32112.339
MinimumVisualStudioVersion = 10.0.40219.1
Project("{2150E333-8FDC-42A3-9474-1A3956D46DE8}") = "Domain", "Domain", "{72DF2F9F-B200-4A12-ABAE-BD69FB5F67EB}"
EndProject
Project("{2150E333-8FDC-42A3-9474-1A3956D46DE8}") = "Application", "Application", "{64EEC20A-346B-4F8C-A7D9-608D63C3B8FC}"
EndProject
Project("{2150E333-8FDC-42A3-9474-1A3956D46DE8}") = "Infrastructure", "Infrastructure", "{CF0EB79D-D140-4122-B55F-DA881B265905}"
EndProject
Project("{9A19103F-16F7-4668-BE54-9A1E7A4F7556}") = "HotelsInCities.Domain.Interfaces", "HotelsInCities.Domain.Interfaces\HotelsInCities.Domain.Interfaces.csproj", "{5C1132F9-6D04-4B86-B167-495E87777601}"
EndProject
Project("{9A19103F-16F7-4668-BE54-9A1E7A4F7556}") = "HotelsInCities.Domain.Core", "HotelsInCities.Domain.Core\HotelsInCities.Domain.Core.csproj", "{910DDBB5-6F76-438B-8D5F-D07EF1F3A797}"
EndProject
Project("{9A19103F-16F7-4668-BE54-9A1E7A4F7556}") = "HotelsInCities.Infrastructure.DataAccess", "HotelsInCities.Infrastructure.DataAccess\HotelsInCities.Infrastructure.DataAccess.csproj", "{2F8ABAFF-0568-4E1F-8057-54BA57AD30B4}"
EndProject
Project("{9A19103F-16F7-4668-BE54-9A1E7A4F7556}") = "HotelsInCities.Infrastructure.WeatherForecast", "HotelsInCities.Infrastructure.WeatherForecast\HotelsInCities.Infrastructure.WeatherForecast.csproj", "{9193BBE3-3469-408A-8CCA-BB92545A7DFA}"
EndProject
Project("{9A19103F-16F7-4668-BE54-9A1E7A4F7556}") = "HotelsInCities.Application.Services", "HotelsInCities.Application.Services\HotelsInCities.Application.Services.csproj", "{14766694-4FEC-463B-ADCF-85DAD9D96FC0}"
EndProject
Project("{9A19103F-16F7-4668-BE54-9A1E7A4F7556}") = "HotelsInCities.Application.Intefaces", "HotelsInCities.Application.Intefaces\HotelsInCities.Application.Intefaces.csproj", "{298F4C9E-90B1-433C-BBA9-724102AD7146}"
EndProject
Project("{9A19103F-16F7-4668-BE54-9A1E7A4F7556}") = "HotelsInCities.Web", "HotelsInCities.Web\HotelsInCities.Web.csproj", "{C8589283-44D5-4CFB-8464-6EE701890FBF}"
EndProject
Project("{2150E333-8FDC-42A3-9474-1A3956D46DE8}") = "Tests", "Tests", "{A01804A2-C8C0-40C4-A910-2F092DD8BCAC}"
EndProject
Project("{9A19103F-16F7-4668-BE54-9A1E7A4F7556}") = "HotelsInCities.Tests.UnitTests", "HotelsInCities.Tests.UnitTests\HotelsInCities.Tests.UnitTests.csproj", "{D66394A5-C8D7-49CE-B01A-9FE42734EB08}"
EndProject
Project("{FAE04EC0-301F-11D3-BF4B-00C04F79EFBC}") = "HotelsInCities.Domain.Common", "HotelsInCities.Domain.Common\HotelsInCities.Domain.Common.csproj", "{EF585BEC-1ACD-43B5-BF57-4BC4A24AF9DF}"
EndProject
Global
	GlobalSection(SolutionConfigurationPlatforms) = preSolution
		Debug|Any CPU = Debug|Any CPU
		Release|Any CPU = Release|Any CPU
	EndGlobalSection
	GlobalSection(ProjectConfigurationPlatforms) = postSolution
		{5C1132F9-6D04-4B86-B167-495E87777601}.Debug|Any CPU.ActiveCfg = Debug|Any CPU
		{5C1132F9-6D04-4B86-B167-495E87777601}.Debug|Any CPU.Build.0 = Debug|Any CPU
		{5C1132F9-6D04-4B86-B167-495E87777601}.Release|Any CPU.ActiveCfg = Release|Any CPU
		{5C1132F9-6D04-4B86-B167-495E87777601}.Release|Any CPU.Build.0 = Release|Any CPU
		{910DDBB5-6F76-438B-8D5F-D07EF1F3A797}.Debug|Any CPU.ActiveCfg = Debug|Any CPU
		{910DDBB5-6F76-438B-8D5F-D07EF1F3A797}.Debug|Any CPU.Build.0 = Debug|Any CPU
		{910DDBB5-6F76-438B-8D5F-D07EF1F3A797}.Release|Any CPU.ActiveCfg = Release|Any CPU
		{910DDBB5-6F76-438B-8D5F-D07EF1F3A797}.Release|Any CPU.Build.0 = Release|Any CPU
		{2F8ABAFF-0568-4E1F-8057-54BA57AD30B4}.Debug|Any CPU.ActiveCfg = Debug|Any CPU
		{2F8ABAFF-0568-4E1F-8057-54BA57AD30B4}.Debug|Any CPU.Build.0 = Debug|Any CPU
		{2F8ABAFF-0568-4E1F-8057-54BA57AD30B4}.Release|Any CPU.ActiveCfg = Release|Any CPU
		{2F8ABAFF-0568-4E1F-8057-54BA57AD30B4}.Release|Any CPU.Build.0 = Release|Any CPU
		{9193BBE3-3469-408A-8CCA-BB92545A7DFA}.Debug|Any CPU.ActiveCfg = Debug|Any CPU
		{9193BBE3-3469-408A-8CCA-BB92545A7DFA}.Debug|Any CPU.Build.0 = Debug|Any CPU
		{9193BBE3-3469-408A-8CCA-BB92545A7DFA}.Release|Any CPU.ActiveCfg = Release|Any CPU
		{9193BBE3-3469-408A-8CCA-BB92545A7DFA}.Release|Any CPU.Build.0 = Release|Any CPU
		{14766694-4FEC-463B-ADCF-85DAD9D96FC0}.Debug|Any CPU.ActiveCfg = Debug|Any CPU
		{14766694-4FEC-463B-ADCF-85DAD9D96FC0}.Debug|Any CPU.Build.0 = Debug|Any CPU
		{14766694-4FEC-463B-ADCF-85DAD9D96FC0}.Release|Any CPU.ActiveCfg = Release|Any CPU
		{14766694-4FEC-463B-ADCF-85DAD9D96FC0}.Release|Any CPU.Build.0 = Release|Any CPU
		{298F4C9E-90B1-433C-BBA9-724102AD7146}.Debug|Any CPU.ActiveCfg = Debug|Any CPU
		{298F4C9E-90B1-433C-BBA9-724102AD7146}.Debug|Any CPU.Build.0 = Debug|Any CPU
		{298F4C9E-90B1-433C-BBA9-724102AD7146}.Release|Any CPU.ActiveCfg = Release|Any CPU
		{298F4C9E-90B1-433C-BBA9-724102AD7146}.Release|Any CPU.Build.0 = Release|Any CPU
		{C8589283-44D5-4CFB-8464-6EE701890FBF}.Debug|Any CPU.ActiveCfg = Debug|Any CPU
		{C8589283-44D5-4CFB-8464-6EE701890FBF}.Debug|Any CPU.Build.0 = Debug|Any CPU
		{C8589283-44D5-4CFB-8464-6EE701890FBF}.Release|Any CPU.ActiveCfg = Release|Any CPU
		{C8589283-44D5-4CFB-8464-6EE701890FBF}.Release|Any CPU.Build.0 = Release|Any CPU
		{D66394A5-C8D7-49CE-B01A-9FE42734EB08}.Debug|Any CPU.ActiveCfg = Debug|Any CPU
		{D66394A5-C8D7-49CE-B01A-9FE42734EB08}.Debug|Any CPU.Build.0 = Debug|Any CPU
		{D66394A5-C8D7-49CE-B01A-9FE42734EB08}.Release|Any CPU.ActiveCfg = Release|Any CPU
		{D66394A5-C8D7-49CE-B01A-9FE42734EB08}.Release|Any CPU.Build.0 = Release|Any CPU
		{EF585BEC-1ACD-43B5-BF57-4BC4A24AF9DF}.Debug|Any CPU.ActiveCfg = Debug|Any CPU
		{EF585BEC-1ACD-43B5-BF57-4BC4A24AF9DF}.Debug|Any CPU.Build.0 = Debug|Any CPU
		{EF585BEC-1ACD-43B5-BF57-4BC4A24AF9DF}.Release|Any CPU.ActiveCfg = Release|Any CPU
		{EF585BEC-1ACD-43B5-BF57-4BC4A24AF9DF}.Release|Any CPU.Build.0 = Release|Any CPU
	EndGlobalSection
	GlobalSection(SolutionProperties) = preSolution
		HideSolutionNode = FALSE
	EndGlobalSection
	GlobalSection(NestedProjects) = preSolution
		{5C1132F9-6D04-4B86-B167-495E87777601} = {72DF2F9F-B200-4A12-ABAE-BD69FB5F67EB}
		{910DDBB5-6F76-438B-8D5F-D07EF1F3A797} = {72DF2F9F-B200-4A12-ABAE-BD69FB5F67EB}
		{2F8ABAFF-0568-4E1F-8057-54BA57AD30B4} = {CF0EB79D-D140-4122-B55F-DA881B265905}
		{9193BBE3-3469-408A-8CCA-BB92545A7DFA} = {CF0EB79D-D140-4122-B55F-DA881B265905}
		{14766694-4FEC-463B-ADCF-85DAD9D96FC0} = {64EEC20A-346B-4F8C-A7D9-608D63C3B8FC}
		{298F4C9E-90B1-433C-BBA9-724102AD7146} = {64EEC20A-346B-4F8C-A7D9-608D63C3B8FC}
		{D66394A5-C8D7-49CE-B01A-9FE42734EB08} = {A01804A2-C8C0-40C4-A910-2F092DD8BCAC}
		{EF585BEC-1ACD-43B5-BF57-4BC4A24AF9DF} = {72DF2F9F-B200-4A12-ABAE-BD69FB5F67EB}
	EndGlobalSection
	GlobalSection(ExtensibilityGlobals) = postSolution
		SolutionGuid = {3CE65E30-6D17-45C0-8BBF-44DE62722BB8}
	EndGlobalSection
EndGlobal
